#include<iostream>
#include<cstdlib>
using namespace std;
#define ROWS 3
#define COLS 3
void print_matrix(int arr[ROWS][COLS]);
int* processing();
int main(void)
{
	srand(time(NULL));
	int arr[ROWS][COLS];

	for (int i = 0; i < ROWS; i++)
	{
		for (int j = 0; j < COLS; j++)
		{
			//cout << "arr[" << i << "][" << j << "]:";
			//cin>>arr[i][j];
			arr[i][j] = rand() % 20 - 10;
		}
	}
	print_matrix(arr);
	int* arr3 = processing();
	for (int a = 0; a < 3; a++)
	{
		cout << arr[a] << " ";
	}delete[] arr3;
}

void print_matrix(int arr[ROWS][COLS])
{
	for (int i = 0; i < ROWS; i++)
	{
		for (int j = 0; j < COLS; j++)
		{
			cout << arr[i][j] << " ";
		}cout << endl;
	}
}
int* processing()
{
	int* m = new int[3] {0};
	int arr2[ROWS][COLS];
	for (int i = 0; i < ROWS; i++)
	{
		int positive_count = 0;
		int negative_count = 0;
		for (int j = 0; j < COLS; j++)
		{

			if (arr2[i][j] >= 0)
			{
				positive_count++;
			}
			if (arr2[i][j] < 0)
			{
				negative_count++;
			}
		}if (positive_count > negative_count)
		{
			for (int b = 0; b < 3; b++)
			{
				m[0] = i;
				m[1] = i + 1;
				cout << m[b] << " " << endl;
			}
			cout << "P is more than N in row " << i + 1 << endl;
		}

		cout << "Positives in row " << i + 1 << ": " << positive_count << endl;
		cout << "Negatives in row " << i + 1 << ": " << negative_count << endl;
	}
	return m;
}
